
Microsoft Visual Studio Solution File, Format Version 12.00
# Visual Studio Version 16
VisualStudioVersion = 16.0.29709.97
MinimumVisualStudioVersion = 10.0.40219.1
Project("{FAE04EC0-301F-11D3-BF4B-00C04F79EFBC}") = "QoutesAPI", "QoutesAPI\QoutesAPI.csproj", "{53370623-3CEA-4245-A5E0-425FE31E7D73}"
EndProject
Global
	GlobalSection(SolutionConfigurationPlatforms) = preSolution
		Debug|Any CPU = Debug|Any CPU
		Release|Any CPU = Release|Any CPU
	EndGlobalSection
	GlobalSection(ProjectConfigurationPlatforms) = postSolution
		{53370623-3CEA-4245-A5E0-425FE31E7D73}.Debug|Any CPU.ActiveCfg = Debug|Any CPU
		{53370623-3CEA-4245-A5E0-425FE31E7D73}.Debug|Any CPU.Build.0 = Debug|Any CPU
		{53370623-3CEA-4245-A5E0-425FE31E7D73}.Release|Any CPU.ActiveCfg = Release|Any CPU
		{53370623-3CEA-4245-A5E0-425FE31E7D73}.Release|Any CPU.Build.0 = Release|Any CPU
	EndGlobalSection
	GlobalSection(SolutionProperties) = preSolution
		HideSolutionNode = FALSE
	EndGlobalSection
	GlobalSection(ExtensibilityGlobals) = postSolution
		SolutionGuid = {2DBEECCD-CFE1-4A28-A438-16EC2D70F6FE}
	EndGlobalSection
EndGlobal
